
Microsoft Visual Studio Solution File, Format Version 12.00
# Visual Studio Version 17
VisualStudioVersion = 17.1.32328.378
MinimumVisualStudioVersion = 10.0.40219.1
Project("{9A19103F-16F7-4668-BE54-9A1E7A4F7556}") = "DataAccess.EFCore", "DataAccess.EFCore\DataAccess.EFCore.csproj", "{A219E07C-E9A4-49FC-A560-8534947B4030}"
EndProject
Project("{FAE04EC0-301F-11D3-BF4B-00C04F79EFBC}") = "RestAPI", "RestAPI\RestAPI.csproj", "{2436E015-A78B-4547-8B92-C1CA2176E83B}"
EndProject
Project("{FAE04EC0-301F-11D3-BF4B-00C04F79EFBC}") = "Services", "Services\Services.csproj", "{2E194E34-7C5E-4C73-8179-3EE8708F6471}"
EndProject
Global
	GlobalSection(SolutionConfigurationPlatforms) = preSolution
		Debug|Any CPU = Debug|Any CPU
		Release|Any CPU = Release|Any CPU
	EndGlobalSection
	GlobalSection(ProjectConfigurationPlatforms) = postSolution
		{A219E07C-E9A4-49FC-A560-8534947B4030}.Debug|Any CPU.ActiveCfg = Debug|Any CPU
		{A219E07C-E9A4-49FC-A560-8534947B4030}.Debug|Any CPU.Build.0 = Debug|Any CPU
		{A219E07C-E9A4-49FC-A560-8534947B4030}.Release|Any CPU.ActiveCfg = Release|Any CPU
		{A219E07C-E9A4-49FC-A560-8534947B4030}.Release|Any CPU.Build.0 = Release|Any CPU
		{2436E015-A78B-4547-8B92-C1CA2176E83B}.Debug|Any CPU.ActiveCfg = Debug|Any CPU
		{2436E015-A78B-4547-8B92-C1CA2176E83B}.Debug|Any CPU.Build.0 = Debug|Any CPU
		{2436E015-A78B-4547-8B92-C1CA2176E83B}.Release|Any CPU.ActiveCfg = Release|Any CPU
		{2436E015-A78B-4547-8B92-C1CA2176E83B}.Release|Any CPU.Build.0 = Release|Any CPU
		{2E194E34-7C5E-4C73-8179-3EE8708F6471}.Debug|Any CPU.ActiveCfg = Debug|Any CPU
		{2E194E34-7C5E-4C73-8179-3EE8708F6471}.Debug|Any CPU.Build.0 = Debug|Any CPU
		{2E194E34-7C5E-4C73-8179-3EE8708F6471}.Release|Any CPU.ActiveCfg = Release|Any CPU
		{2E194E34-7C5E-4C73-8179-3EE8708F6471}.Release|Any CPU.Build.0 = Release|Any CPU
	EndGlobalSection
	GlobalSection(SolutionProperties) = preSolution
		HideSolutionNode = FALSE
	EndGlobalSection
	GlobalSection(ExtensibilityGlobals) = postSolution
		SolutionGuid = {3C1D443D-7523-4633-BFAA-BFBDF9DC8F3A}
	EndGlobalSection
EndGlobal
