
Microsoft Visual Studio Solution File, Format Version 12.00
# Visual Studio Version 17
VisualStudioVersion = 17.1.32421.90
MinimumVisualStudioVersion = 10.0.40219.1
Project("{9A19103F-16F7-4668-BE54-9A1E7A4F7556}") = "DataLoader", "DataLoader\DataLoader.csproj", "{6A143C73-F4B2-4EC0-BABE-155CB9826CA7}"
EndProject
Project("{9A19103F-16F7-4668-BE54-9A1E7A4F7556}") = "DataAccess.EFCore", "DataAccess.EFCore\DataAccess.EFCore.csproj", "{46381037-00CC-4AC2-91DE-CBDBC90D8EDC}"
EndProject
Project("{9A19103F-16F7-4668-BE54-9A1E7A4F7556}") = "RestAPI", "RestAPI\RestAPI.csproj", "{860ACA64-B497-4FC9-9603-3E533F87E784}"
EndProject
Project("{FAE04EC0-301F-11D3-BF4B-00C04F79EFBC}") = "GraphAPI", "GraphAPI\GraphAPI.csproj", "{7053F71F-460C-4883-B213-BDA55DC0A382}"
EndProject
Project("{FAE04EC0-301F-11D3-BF4B-00C04F79EFBC}") = "DataAccess.Graph", "DataAccess.Graph\DataAccess.Graph.csproj", "{278FD2D6-D5B0-41C9-BACB-EBC1B2163329}"
EndProject
Global
	GlobalSection(SolutionConfigurationPlatforms) = preSolution
		Debug|Any CPU = Debug|Any CPU
		Release|Any CPU = Release|Any CPU
	EndGlobalSection
	GlobalSection(ProjectConfigurationPlatforms) = postSolution
		{6A143C73-F4B2-4EC0-BABE-155CB9826CA7}.Debug|Any CPU.ActiveCfg = Debug|Any CPU
		{6A143C73-F4B2-4EC0-BABE-155CB9826CA7}.Debug|Any CPU.Build.0 = Debug|Any CPU
		{6A143C73-F4B2-4EC0-BABE-155CB9826CA7}.Release|Any CPU.ActiveCfg = Release|Any CPU
		{6A143C73-F4B2-4EC0-BABE-155CB9826CA7}.Release|Any CPU.Build.0 = Release|Any CPU
		{46381037-00CC-4AC2-91DE-CBDBC90D8EDC}.Debug|Any CPU.ActiveCfg = Debug|Any CPU
		{46381037-00CC-4AC2-91DE-CBDBC90D8EDC}.Debug|Any CPU.Build.0 = Debug|Any CPU
		{46381037-00CC-4AC2-91DE-CBDBC90D8EDC}.Release|Any CPU.ActiveCfg = Release|Any CPU
		{46381037-00CC-4AC2-91DE-CBDBC90D8EDC}.Release|Any CPU.Build.0 = Release|Any CPU
		{860ACA64-B497-4FC9-9603-3E533F87E784}.Debug|Any CPU.ActiveCfg = Debug|Any CPU
		{860ACA64-B497-4FC9-9603-3E533F87E784}.Debug|Any CPU.Build.0 = Debug|Any CPU
		{860ACA64-B497-4FC9-9603-3E533F87E784}.Release|Any CPU.ActiveCfg = Release|Any CPU
		{860ACA64-B497-4FC9-9603-3E533F87E784}.Release|Any CPU.Build.0 = Release|Any CPU
		{7053F71F-460C-4883-B213-BDA55DC0A382}.Debug|Any CPU.ActiveCfg = Debug|Any CPU
		{7053F71F-460C-4883-B213-BDA55DC0A382}.Debug|Any CPU.Build.0 = Debug|Any CPU
		{7053F71F-460C-4883-B213-BDA55DC0A382}.Release|Any CPU.ActiveCfg = Release|Any CPU
		{7053F71F-460C-4883-B213-BDA55DC0A382}.Release|Any CPU.Build.0 = Release|Any CPU
		{278FD2D6-D5B0-41C9-BACB-EBC1B2163329}.Debug|Any CPU.ActiveCfg = Debug|Any CPU
		{278FD2D6-D5B0-41C9-BACB-EBC1B2163329}.Debug|Any CPU.Build.0 = Debug|Any CPU
		{278FD2D6-D5B0-41C9-BACB-EBC1B2163329}.Release|Any CPU.ActiveCfg = Release|Any CPU
		{278FD2D6-D5B0-41C9-BACB-EBC1B2163329}.Release|Any CPU.Build.0 = Release|Any CPU
	EndGlobalSection
	GlobalSection(SolutionProperties) = preSolution
		HideSolutionNode = FALSE
	EndGlobalSection
	GlobalSection(ExtensibilityGlobals) = postSolution
		SolutionGuid = {0DEBBDCC-34AF-4A70-92A3-38C53C78C56D}
	EndGlobalSection
EndGlobal
